
Microsoft Visual Studio Solution File, Format Version 12.00
Project("{FAE04EC0-301F-11D3-BF4B-00C04F79EFBC}") = "MovieExplorer.Web", "MovieExplorer.Web\MovieExplorer.Web.csproj", "{853E74A8-8BE9-4AAF-BAED-756683C703FD}"
EndProject
Project("{FAE04EC0-301F-11D3-BF4B-00C04F79EFBC}") = "MovieExplorer.Domain", "MovieExplorer.Domain\MovieExplorer.Domain.csproj", "{9D98F2D1-449C-4914-ADAA-D7C28E15DA6B}"
EndProject
Project("{FAE04EC0-301F-11D3-BF4B-00C04F79EFBC}") = "MovieExplorer.Application", "MovieExplorer.Application\MovieExplorer.Application.csproj", "{4E8C1E0D-3F85-41C8-8C42-A25233B1DB0C}"
EndProject
Project("{FAE04EC0-301F-11D3-BF4B-00C04F79EFBC}") = "MovieExplorer.Infrastructure", "MovieExplorer.Infrastructure\MovieExplorer.Infrastructure.csproj", "{C641537F-A5D3-46B1-9FF5-D7483BB4AD4E}"
EndProject
Global
	GlobalSection(SolutionConfigurationPlatforms) = preSolution
		Debug|Any CPU = Debug|Any CPU
		Release|Any CPU = Release|Any CPU
	EndGlobalSection
	GlobalSection(ProjectConfigurationPlatforms) = postSolution
		{853E74A8-8BE9-4AAF-BAED-756683C703FD}.Debug|Any CPU.ActiveCfg = Debug|Any CPU
		{853E74A8-8BE9-4AAF-BAED-756683C703FD}.Debug|Any CPU.Build.0 = Debug|Any CPU
		{853E74A8-8BE9-4AAF-BAED-756683C703FD}.Release|Any CPU.ActiveCfg = Release|Any CPU
		{853E74A8-8BE9-4AAF-BAED-756683C703FD}.Release|Any CPU.Build.0 = Release|Any CPU
		{9D98F2D1-449C-4914-ADAA-D7C28E15DA6B}.Debug|Any CPU.ActiveCfg = Debug|Any CPU
		{9D98F2D1-449C-4914-ADAA-D7C28E15DA6B}.Debug|Any CPU.Build.0 = Debug|Any CPU
		{9D98F2D1-449C-4914-ADAA-D7C28E15DA6B}.Release|Any CPU.ActiveCfg = Release|Any CPU
		{9D98F2D1-449C-4914-ADAA-D7C28E15DA6B}.Release|Any CPU.Build.0 = Release|Any CPU
		{4E8C1E0D-3F85-41C8-8C42-A25233B1DB0C}.Debug|Any CPU.ActiveCfg = Debug|Any CPU
		{4E8C1E0D-3F85-41C8-8C42-A25233B1DB0C}.Debug|Any CPU.Build.0 = Debug|Any CPU
		{4E8C1E0D-3F85-41C8-8C42-A25233B1DB0C}.Release|Any CPU.ActiveCfg = Release|Any CPU
		{4E8C1E0D-3F85-41C8-8C42-A25233B1DB0C}.Release|Any CPU.Build.0 = Release|Any CPU
		{C641537F-A5D3-46B1-9FF5-D7483BB4AD4E}.Debug|Any CPU.ActiveCfg = Debug|Any CPU
		{C641537F-A5D3-46B1-9FF5-D7483BB4AD4E}.Debug|Any CPU.Build.0 = Debug|Any CPU
		{C641537F-A5D3-46B1-9FF5-D7483BB4AD4E}.Release|Any CPU.ActiveCfg = Release|Any CPU
		{C641537F-A5D3-46B1-9FF5-D7483BB4AD4E}.Release|Any CPU.Build.0 = Release|Any CPU
	EndGlobalSection
EndGlobal
